{
  "name": "diskhog",
  "version": "1.0.0",
  "lockfileVersion": 1,
  "requires": true,
  "dependencies": {
    "filesize": {
      "version": "4.1.2",
      "resolved": "https://registry.npmjs.org/filesize/-/filesize-4.1.2.tgz",
      "integrity": "sha512-iSWteWtfNcrWQTkQw8ble2bnonSl7YJImsn9OZKpE2E4IHhXI78eASpDYUljXZZdYj36QsEKjOs/CsiDqmKMJw=="
    }
  }
}
